
Microsoft Visual Studio Solution File, Format Version 11.00
# Visual Studio 2010
Project("{2150E333-8FDC-42A3-9474-1A3956D46DE8}") = "Schemas", "Schemas", "{409374FD-91DE-49B1-9D54-C00D3B9B6655}"
EndProject
Project("{FAE04EC0-301F-11D3-BF4B-00C04F79EFBC}") = "PSDE.Model", "PSDE.Model\PSDE.Model.csproj", "{6BEAEAEA-DD33-45C7-A86E-2B3FACBAB71C}"
EndProject
Project("{2150E333-8FDC-42A3-9474-1A3956D46DE8}") = "Solution Items", "Solution Items", "{556EDA98-3208-4354-89FE-8D41A844D86E}"
	ProjectSection(SolutionItems) = preProject
		ProjectMapping.xml = ProjectMapping.xml
		ProjectMapping.xsd = ProjectMapping.xsd
	EndProjectSection
EndProject
Project("{2150E333-8FDC-42A3-9474-1A3956D46DE8}") = "PSDE_SERVICE", "PSDE_SERVICE", "{0D84A5F6-3CC3-4218-B9EA-6344E9839F32}"
EndProject
Project("{2150E333-8FDC-42A3-9474-1A3956D46DE8}") = "Source", "Source", "{ED1F75D3-0BB7-4A4B-A332-D0035D06A48F}"
EndProject
Project("{2150E333-8FDC-42A3-9474-1A3956D46DE8}") = "Business Logic", "Business Logic", "{1BC485F8-2042-4E66-BDEF-76EB8AE34C61}"
EndProject
Project("{FAE04EC0-301F-11D3-BF4B-00C04F79EFBC}") = "PSDE_SERVICE.BusinessEntities", "PSDE_SERVICE\Source\Business Logic\PSDE_SERVICE.BusinessEntities\PSDE_SERVICE.BusinessEntities.csproj", "{52B46ADA-FD97-4A0E-94B2-09D339DB305C}"
EndProject
Project("{FAE04EC0-301F-11D3-BF4B-00C04F79EFBC}") = "PSDE_SERVICE.BusinessLogic", "PSDE_SERVICE\Source\Business Logic\PSDE_SERVICE.BusinessLogic\PSDE_SERVICE.BusinessLogic.csproj", "{26C9A290-DDAF-410D-BAF9-5E36B5435D17}"
EndProject
Project("{2150E333-8FDC-42A3-9474-1A3956D46DE8}") = "Resource Access", "Resource Access", "{706FA7C8-E285-439C-8F6F-3682C0125C30}"
EndProject
Project("{FAE04EC0-301F-11D3-BF4B-00C04F79EFBC}") = "PSDE_SERVICE.DataAccess", "PSDE_SERVICE\Source\Resource Access\PSDE_SERVICE.DataAccess\PSDE_SERVICE.DataAccess.csproj", "{AE80AE8F-E9B7-445A-B384-D8DA73689441}"
EndProject
Project("{2150E333-8FDC-42A3-9474-1A3956D46DE8}") = "Service Interface", "Service Interface", "{97913552-AA00-49CA-801D-0D1978F4978E}"
EndProject
Project("{FAE04EC0-301F-11D3-BF4B-00C04F79EFBC}") = "PSDE_SERVICE.DataContracts", "PSDE_SERVICE\Source\Service Interface\PSDE_SERVICE.DataContracts\PSDE_SERVICE.DataContracts.csproj", "{4768D61C-970D-464E-91FB-9B7A17CB9B9D}"
EndProject
Project("{FAE04EC0-301F-11D3-BF4B-00C04F79EFBC}") = "PSDE_SERVICE.FaultContracts", "PSDE_SERVICE\Source\Service Interface\PSDE_SERVICE.FaultContracts\PSDE_SERVICE.FaultContracts.csproj", "{656410F6-7838-4592-9138-26D10CFEA3C0}"
EndProject
Project("{FAE04EC0-301F-11D3-BF4B-00C04F79EFBC}") = "PSDE_SERVICE.MessageContracts", "PSDE_SERVICE\Source\Service Interface\PSDE_SERVICE.MessageContracts\PSDE_SERVICE.MessageContracts.csproj", "{927735AB-0921-4770-B7E4-8C5C4F6BF984}"
EndProject
Project("{FAE04EC0-301F-11D3-BF4B-00C04F79EFBC}") = "PSDE_SERVICE.ServiceImplementation", "PSDE_SERVICE\Source\Service Interface\PSDE_SERVICE.ServiceImplementation\PSDE_SERVICE.ServiceImplementation.csproj", "{0411913E-508C-494F-AF12-B387A15E0665}"
EndProject
Project("{FAE04EC0-301F-11D3-BF4B-00C04F79EFBC}") = "PSDE_SERVICE.ServiceContracts", "PSDE_SERVICE\Source\Service Interface\PSDE_SERVICE.ServiceContracts\PSDE_SERVICE.ServiceContracts.csproj", "{8C240AC1-F0A9-4132-A28D-6E47ACEC3C97}"
EndProject
Project("{2150E333-8FDC-42A3-9474-1A3956D46DE8}") = "Tests", "Tests", "{0F3EC8D9-8B0D-4323-B7F5-707A071D0672}"
EndProject
Project("{E24C65DC-7377-472B-9ABA-BC803B73C61A}") = "PSDE_SERVICE.Host", "PSDE_SERVICE\Tests\PSDE_SERVICE.Host\", "{BC1A2731-F465-44A6-BB0E-68A40550787D}"
	ProjectSection(WebsiteProperties) = preProject
		TargetFrameworkMoniker = ".NETFramework,Version%3Dv4.0"
		ProjectReferences = "{0411913E-508C-494F-AF12-B387A15E0665}|PSDE_SERVICE.ServiceImplementation.ServiceImplementation.dll;{52B46ADA-FD97-4A0E-94B2-09D339DB305C}|PSDE_SERVICE.BusinessEntities.BusinessEntities.dll;{26C9A290-DDAF-410D-BAF9-5E36B5435D17}|PSDE_SERVICE.BusinessLogic.BusinessLogic.dll;{AE80AE8F-E9B7-445A-B384-D8DA73689441}|PSDE_SERVICE.DataAccess.DataAccess.dll;{4768D61C-970D-464E-91FB-9B7A17CB9B9D}|PSDE_SERVICE.DataContracts.DataContracts.dll;{656410F6-7838-4592-9138-26D10CFEA3C0}|PSDE_SERVICE.FaultContracts.FaultContracts.dll;{927735AB-0921-4770-B7E4-8C5C4F6BF984}|PSDE_SERVICE.MessageContracts.MessageContracts.dll;{8C240AC1-F0A9-4132-A28D-6E47ACEC3C97}|PSDE_SERVICE.ServiceContracts.ServiceContracts.dll;"
		Debug.AspNetCompiler.VirtualPath = "/PSDE_SERVICE.Host"
		Debug.AspNetCompiler.PhysicalPath = "PSDE_SERVICE\Tests\PSDE_SERVICE.Host\"
		Debug.AspNetCompiler.TargetPath = "PrecompiledWeb\PSDE_SERVICE.Host\"
		Debug.AspNetCompiler.Updateable = "true"
		Debug.AspNetCompiler.ForceOverwrite = "true"
		Debug.AspNetCompiler.FixedNames = "false"
		Debug.AspNetCompiler.Debug = "True"
		Release.AspNetCompiler.VirtualPath = "/PSDE_SERVICE.Host"
		Release.AspNetCompiler.PhysicalPath = "PSDE_SERVICE\Tests\PSDE_SERVICE.Host\"
		Release.AspNetCompiler.TargetPath = "PrecompiledWeb\PSDE_SERVICE.Host\"
		Release.AspNetCompiler.Updateable = "true"
		Release.AspNetCompiler.ForceOverwrite = "true"
		Release.AspNetCompiler.FixedNames = "false"
		Release.AspNetCompiler.Debug = "False"
		VWDPort = "62783"
		DefaultWebSiteLanguage = "Visual C#"
	EndProjectSection
EndProject
Project("{FAE04EC0-301F-11D3-BF4B-00C04F79EFBC}") = "PSDE_SERVICE.Client", "PSDE_SERVICE\Tests\PSDE_SERVICE.Client\PSDE_SERVICE.Client.csproj", "{C2FC0A20-035E-4B71-9103-733F59028F10}"
EndProject
Project("{2150E333-8FDC-42A3-9474-1A3956D46DE8}") = "Functional Tests", "Functional Tests", "{94ECF02C-ECA0-4670-A3EE-CB46FF34FFED}"
EndProject
Project("{2150E333-8FDC-42A3-9474-1A3956D46DE8}") = "Unit Tests", "Unit Tests", "{2FDDF4F7-11A5-49CE-8947-BC6135BFEC4F}"
EndProject
Global
	GlobalSection(SolutionConfigurationPlatforms) = preSolution
		Debug|Any CPU = Debug|Any CPU
		Release|Any CPU = Release|Any CPU
	EndGlobalSection
	GlobalSection(ProjectConfigurationPlatforms) = postSolution
		{6BEAEAEA-DD33-45C7-A86E-2B3FACBAB71C}.Debug|Any CPU.ActiveCfg = Debug|Any CPU
		{6BEAEAEA-DD33-45C7-A86E-2B3FACBAB71C}.Debug|Any CPU.Build.0 = Debug|Any CPU
		{6BEAEAEA-DD33-45C7-A86E-2B3FACBAB71C}.Release|Any CPU.ActiveCfg = Release|Any CPU
		{6BEAEAEA-DD33-45C7-A86E-2B3FACBAB71C}.Release|Any CPU.Build.0 = Release|Any CPU
		{52B46ADA-FD97-4A0E-94B2-09D339DB305C}.Debug|Any CPU.ActiveCfg = Debug|Any CPU
		{52B46ADA-FD97-4A0E-94B2-09D339DB305C}.Debug|Any CPU.Build.0 = Debug|Any CPU
		{52B46ADA-FD97-4A0E-94B2-09D339DB305C}.Release|Any CPU.ActiveCfg = Release|Any CPU
		{52B46ADA-FD97-4A0E-94B2-09D339DB305C}.Release|Any CPU.Build.0 = Release|Any CPU
		{26C9A290-DDAF-410D-BAF9-5E36B5435D17}.Debug|Any CPU.ActiveCfg = Debug|Any CPU
		{26C9A290-DDAF-410D-BAF9-5E36B5435D17}.Debug|Any CPU.Build.0 = Debug|Any CPU
		{26C9A290-DDAF-410D-BAF9-5E36B5435D17}.Release|Any CPU.ActiveCfg = Release|Any CPU
		{26C9A290-DDAF-410D-BAF9-5E36B5435D17}.Release|Any CPU.Build.0 = Release|Any CPU
		{AE80AE8F-E9B7-445A-B384-D8DA73689441}.Debug|Any CPU.ActiveCfg = Debug|Any CPU
		{AE80AE8F-E9B7-445A-B384-D8DA73689441}.Debug|Any CPU.Build.0 = Debug|Any CPU
		{AE80AE8F-E9B7-445A-B384-D8DA73689441}.Release|Any CPU.ActiveCfg = Release|Any CPU
		{AE80AE8F-E9B7-445A-B384-D8DA73689441}.Release|Any CPU.Build.0 = Release|Any CPU
		{4768D61C-970D-464E-91FB-9B7A17CB9B9D}.Debug|Any CPU.ActiveCfg = Debug|Any CPU
		{4768D61C-970D-464E-91FB-9B7A17CB9B9D}.Debug|Any CPU.Build.0 = Debug|Any CPU
		{4768D61C-970D-464E-91FB-9B7A17CB9B9D}.Release|Any CPU.ActiveCfg = Release|Any CPU
		{4768D61C-970D-464E-91FB-9B7A17CB9B9D}.Release|Any CPU.Build.0 = Release|Any CPU
		{656410F6-7838-4592-9138-26D10CFEA3C0}.Debug|Any CPU.ActiveCfg = Debug|Any CPU
		{656410F6-7838-4592-9138-26D10CFEA3C0}.Debug|Any CPU.Build.0 = Debug|Any CPU
		{656410F6-7838-4592-9138-26D10CFEA3C0}.Release|Any CPU.ActiveCfg = Release|Any CPU
		{656410F6-7838-4592-9138-26D10CFEA3C0}.Release|Any CPU.Build.0 = Release|Any CPU
		{927735AB-0921-4770-B7E4-8C5C4F6BF984}.Debug|Any CPU.ActiveCfg = Debug|Any CPU
		{927735AB-0921-4770-B7E4-8C5C4F6BF984}.Debug|Any CPU.Build.0 = Debug|Any CPU
		{927735AB-0921-4770-B7E4-8C5C4F6BF984}.Release|Any CPU.ActiveCfg = Release|Any CPU
		{927735AB-0921-4770-B7E4-8C5C4F6BF984}.Release|Any CPU.Build.0 = Release|Any CPU
		{0411913E-508C-494F-AF12-B387A15E0665}.Debug|Any CPU.ActiveCfg = Debug|Any CPU
		{0411913E-508C-494F-AF12-B387A15E0665}.Debug|Any CPU.Build.0 = Debug|Any CPU
		{0411913E-508C-494F-AF12-B387A15E0665}.Release|Any CPU.ActiveCfg = Release|Any CPU
		{0411913E-508C-494F-AF12-B387A15E0665}.Release|Any CPU.Build.0 = Release|Any CPU
		{8C240AC1-F0A9-4132-A28D-6E47ACEC3C97}.Debug|Any CPU.ActiveCfg = Debug|Any CPU
		{8C240AC1-F0A9-4132-A28D-6E47ACEC3C97}.Debug|Any CPU.Build.0 = Debug|Any CPU
		{8C240AC1-F0A9-4132-A28D-6E47ACEC3C97}.Release|Any CPU.ActiveCfg = Release|Any CPU
		{8C240AC1-F0A9-4132-A28D-6E47ACEC3C97}.Release|Any CPU.Build.0 = Release|Any CPU
		{BC1A2731-F465-44A6-BB0E-68A40550787D}.Debug|Any CPU.ActiveCfg = Debug|Any CPU
		{BC1A2731-F465-44A6-BB0E-68A40550787D}.Debug|Any CPU.Build.0 = Debug|Any CPU
		{BC1A2731-F465-44A6-BB0E-68A40550787D}.Release|Any CPU.ActiveCfg = Debug|Any CPU
		{BC1A2731-F465-44A6-BB0E-68A40550787D}.Release|Any CPU.Build.0 = Debug|Any CPU
		{C2FC0A20-035E-4B71-9103-733F59028F10}.Debug|Any CPU.ActiveCfg = Debug|Any CPU
		{C2FC0A20-035E-4B71-9103-733F59028F10}.Debug|Any CPU.Build.0 = Debug|Any CPU
		{C2FC0A20-035E-4B71-9103-733F59028F10}.Release|Any CPU.ActiveCfg = Release|Any CPU
		{C2FC0A20-035E-4B71-9103-733F59028F10}.Release|Any CPU.Build.0 = Release|Any CPU
	EndGlobalSection
	GlobalSection(SolutionProperties) = preSolution
		HideSolutionNode = FALSE
	EndGlobalSection
	GlobalSection(NestedProjects) = preSolution
		{ED1F75D3-0BB7-4A4B-A332-D0035D06A48F} = {0D84A5F6-3CC3-4218-B9EA-6344E9839F32}
		{0F3EC8D9-8B0D-4323-B7F5-707A071D0672} = {0D84A5F6-3CC3-4218-B9EA-6344E9839F32}
		{1BC485F8-2042-4E66-BDEF-76EB8AE34C61} = {ED1F75D3-0BB7-4A4B-A332-D0035D06A48F}
		{706FA7C8-E285-439C-8F6F-3682C0125C30} = {ED1F75D3-0BB7-4A4B-A332-D0035D06A48F}
		{97913552-AA00-49CA-801D-0D1978F4978E} = {ED1F75D3-0BB7-4A4B-A332-D0035D06A48F}
		{52B46ADA-FD97-4A0E-94B2-09D339DB305C} = {1BC485F8-2042-4E66-BDEF-76EB8AE34C61}
		{26C9A290-DDAF-410D-BAF9-5E36B5435D17} = {1BC485F8-2042-4E66-BDEF-76EB8AE34C61}
		{AE80AE8F-E9B7-445A-B384-D8DA73689441} = {706FA7C8-E285-439C-8F6F-3682C0125C30}
		{4768D61C-970D-464E-91FB-9B7A17CB9B9D} = {97913552-AA00-49CA-801D-0D1978F4978E}
		{656410F6-7838-4592-9138-26D10CFEA3C0} = {97913552-AA00-49CA-801D-0D1978F4978E}
		{927735AB-0921-4770-B7E4-8C5C4F6BF984} = {97913552-AA00-49CA-801D-0D1978F4978E}
		{0411913E-508C-494F-AF12-B387A15E0665} = {97913552-AA00-49CA-801D-0D1978F4978E}
		{8C240AC1-F0A9-4132-A28D-6E47ACEC3C97} = {97913552-AA00-49CA-801D-0D1978F4978E}
		{BC1A2731-F465-44A6-BB0E-68A40550787D} = {0F3EC8D9-8B0D-4323-B7F5-707A071D0672}
		{C2FC0A20-035E-4B71-9103-733F59028F10} = {0F3EC8D9-8B0D-4323-B7F5-707A071D0672}
		{94ECF02C-ECA0-4670-A3EE-CB46FF34FFED} = {0F3EC8D9-8B0D-4323-B7F5-707A071D0672}
		{2FDDF4F7-11A5-49CE-8947-BC6135BFEC4F} = {0F3EC8D9-8B0D-4323-B7F5-707A071D0672}
	EndGlobalSection
EndGlobal
